<?xml version="1.0" encoding="utf-8"?>
<Project ToolsVersion="4.0" xmlns="http://schemas.microsoft.com/developer/msbuild/2003">
  <ItemGroup>
    <Filter Include="app">
      <UniqueIdentifier>{665E880B-D267-887C-5BE3-9E7CC7EB937C}</UniqueIdentifier>
    </Filter>
    <Filter Include="renderer">
      <UniqueIdentifier>{9C6AA017-8837-FB22-B150-E9CA9D7C30B1}</UniqueIdentifier>
    </Filter>
    <Filter Include="renderer\vulkan">
      <UniqueIdentifier>{BC0497BB-2890-0480-31A1-87749DAB6080}</UniqueIdentifier>
    </Filter>
  </ItemGroup>
  <ItemGroup>
    <ClInclude Include="app\deako_app.h">
      <Filter>app</Filter>
    </ClInclude>
    <ClInclude Include="app\deako_entry.h">
      <Filter>app</Filter>
    </ClInclude>
    <ClInclude Include="deako.h" />
    <ClInclude Include="deako_internal.h" />
    <ClInclude Include="deako_pch.h" />
    <ClInclude Include="sokol.h" />
    <ClInclude Include="renderer\deako_renderer.h" />
    <ClInclude Include="renderer\vulkan\deako_vulkan.c" />
  </ItemGroup>
  <ItemGroup>
    <ClCompile Include="app\deako_app.c">
      <Filter>app</Filter>
    </ClCompile>
    <ClCompile Include="deako_internal.c" />
    <ClCompile Include="deako_pch.c" />
    <ClCompile Include="app\deako_window.c">
      <Filter>app</Filter>
    </ClCompile>
    <ClCompile Include="renderer\deako_renderer.c">
      <Filter>renderer</Filter>
    </ClCompile>
  </ItemGroup>
</Project>